# This file is autogenerated, do not edit; changes may be undone by the next 'dep ensure'.


[[projects]]
  digest = "1:73f40254cd0a92d919fdcaac3bdc798a24f91f6bae1effb91d26a725975c1a29"
  name = "gopkg.in/bobertlo/blackfriday.v2"
  packages = ["."]
  pruneopts = "UT"
  revision = "8f740cdad0b83e2602d341833fc96d3c4360f333"
  version = "v2.0.3"

[solve-meta]
  analyzer-name = "dep"
  analyzer-version = 1
  input-imports = ["gopkg.in/bobertlo/blackfriday.v2"]
  solver-name = "gps-cdcl"
  solver-version = 1
