# This file is autogenerated, do not edit; changes may be undone by the next 'dep ensure'.


[[projects]]
  branch = "master"
  digest = "1:def689e73e9252f6f7fe66834a76751a41b767e03daab299e607e7226c58a855"
  name = "github.com/shurcooL/sanitized_anchor_name"
  packages = ["."]
  pruneopts = "UT"
  revision = "86672fcb3f950f35f2e675df2240550f2a50762f"

[[projects]]
  digest = "1:ac74bec2161cb7492ed5788eeb9d5982fa369f849babd837def7734743df7b2b"
  name = "gopkg.in/bobertlo/blackfriday.v2"
  packages = ["."]
  pruneopts = "UT"
  revision = "10f51610616c04f050e41486afb316922581f1fa"
  version = "v2.0.2"

[solve-meta]
  analyzer-name = "dep"
  analyzer-version = 1
  input-imports = ["gopkg.in/bobertlo/blackfriday.v2"]
  solver-name = "gps-cdcl"
  solver-version = 1
